
Microsoft Visual Studio Solution File, Format Version 12.00
# Visual Studio Version 16
VisualStudioVersion = 16.0.30907.101
MinimumVisualStudioVersion = 10.0.40219.1
Project("{FAE04EC0-301F-11D3-BF4B-00C04F79EFBC}") = "Sample.CookieAuthentication", "Sample.CookieAuthentication\Sample.CookieAuthentication.csproj", "{BFB958D8-F903-41F7-9879-D6286F303CC4}"
EndProject
Global
	GlobalSection(SolutionConfigurationPlatforms) = preSolution
		Debug|Any CPU = Debug|Any CPU
		Release|Any CPU = Release|Any CPU
	EndGlobalSection
	GlobalSection(ProjectConfigurationPlatforms) = postSolution
		{BFB958D8-F903-41F7-9879-D6286F303CC4}.Debug|Any CPU.ActiveCfg = Debug|Any CPU
		{BFB958D8-F903-41F7-9879-D6286F303CC4}.Debug|Any CPU.Build.0 = Debug|Any CPU
		{BFB958D8-F903-41F7-9879-D6286F303CC4}.Release|Any CPU.ActiveCfg = Release|Any CPU
		{BFB958D8-F903-41F7-9879-D6286F303CC4}.Release|Any CPU.Build.0 = Release|Any CPU
	EndGlobalSection
	GlobalSection(SolutionProperties) = preSolution
		HideSolutionNode = FALSE
	EndGlobalSection
	GlobalSection(ExtensibilityGlobals) = postSolution
		SolutionGuid = {DCE97F78-9308-4D81-88F7-888D3A4712CD}
	EndGlobalSection
EndGlobal
